# THIS IS AN AUTOGENERATED FILE. DO NOT EDIT THIS FILE DIRECTLY.
# yarn lockfile v1


create-next-app@^14.2.5:
  version "14.2.5"
  resolved "https://registry.yarnpkg.com/create-next-app/-/create-next-app-14.2.5.tgz#e408c425a2e6eac168664fc65dd90280427582d5"
  integrity sha512-lw4iH8wCflQ2O9eX2+1m2hpDkgVKj0Pm0qCZHetZy9NSizzvEiGAzuyEVOUo8YxlQBQKVW9Ope7ri6tE18yS3w==

create-playwright@^1.17.133:
  version "1.17.133"
  resolved "https://registry.yarnpkg.com/create-playwright/-/create-playwright-1.17.133.tgz#b960a1a59cdb74ea7b6fe7ff6b99098192d4855b"
  integrity sha512-B48DbsOguZe7jCMnRaaBHah6As095XNkdlyhI8CI8xN1PHlH+QB8/3RXO3dmdqQS4BX3IexlexIgvTLysmV3/Q==
